
Microsoft Visual Studio Solution File, Format Version 12.00
# Visual Studio 15
VisualStudioVersion = 15.0.27130.2020
MinimumVisualStudioVersion = 10.0.40219.1
Project("{FAE04EC0-301F-11D3-BF4B-00C04F79EFBC}") = "magicsim", "magicsim\magicsim.csproj", "{FF941AF5-D0FB-45BD-9A12-2DCAB6C8C3FB}"
EndProject
Global
	GlobalSection(SolutionConfigurationPlatforms) = preSolution
		Debug|Any CPU = Debug|Any CPU
		Release|Any CPU = Release|Any CPU
	EndGlobalSection
	GlobalSection(ProjectConfigurationPlatforms) = postSolution
		{FF941AF5-D0FB-45BD-9A12-2DCAB6C8C3FB}.Debug|Any CPU.ActiveCfg = Debug|Any CPU
		{FF941AF5-D0FB-45BD-9A12-2DCAB6C8C3FB}.Debug|Any CPU.Build.0 = Debug|Any CPU
		{FF941AF5-D0FB-45BD-9A12-2DCAB6C8C3FB}.Release|Any CPU.ActiveCfg = Release|Any CPU
		{FF941AF5-D0FB-45BD-9A12-2DCAB6C8C3FB}.Release|Any CPU.Build.0 = Release|Any CPU
	EndGlobalSection
	GlobalSection(SolutionProperties) = preSolution
		HideSolutionNode = FALSE
	EndGlobalSection
	GlobalSection(ExtensibilityGlobals) = postSolution
		SolutionGuid = {49812743-D6AA-418D-B4B8-3952BD079680}
	EndGlobalSection
EndGlobal
